
Microsoft Visual Studio Solution File, Format Version 12.00
# Visual Studio Version 17
VisualStudioVersion = 17.4.33205.214
MinimumVisualStudioVersion = 10.0.40219.1
Project("{9A19103F-16F7-4668-BE54-9A1E7A4F7556}") = "DA_Demo", "DA_Demo\DA_Demo.csproj", "{665CB3CA-42BB-42FD-9D77-A5AE1375482D}"
EndProject
Project("{9A19103F-16F7-4668-BE54-9A1E7A4F7556}") = "DemoCore", "DemoCore\DemoCore.csproj", "{D0BD06D4-C6B4-4C56-9A8C-B9C455D4CAAF}"
EndProject
Project("{9A19103F-16F7-4668-BE54-9A1E7A4F7556}") = "DemoInfracstructure", "DemoInfracstructure\DemoInfracstructure.csproj", "{ADC211A9-C9DF-4445-B077-C5504BA22EC3}"
EndProject
Global
	GlobalSection(SolutionConfigurationPlatforms) = preSolution
		Debug|Any CPU = Debug|Any CPU
		Release|Any CPU = Release|Any CPU
	EndGlobalSection
	GlobalSection(ProjectConfigurationPlatforms) = postSolution
		{665CB3CA-42BB-42FD-9D77-A5AE1375482D}.Debug|Any CPU.ActiveCfg = Debug|Any CPU
		{665CB3CA-42BB-42FD-9D77-A5AE1375482D}.Debug|Any CPU.Build.0 = Debug|Any CPU
		{665CB3CA-42BB-42FD-9D77-A5AE1375482D}.Release|Any CPU.ActiveCfg = Release|Any CPU
		{665CB3CA-42BB-42FD-9D77-A5AE1375482D}.Release|Any CPU.Build.0 = Release|Any CPU
		{D0BD06D4-C6B4-4C56-9A8C-B9C455D4CAAF}.Debug|Any CPU.ActiveCfg = Debug|Any CPU
		{D0BD06D4-C6B4-4C56-9A8C-B9C455D4CAAF}.Debug|Any CPU.Build.0 = Debug|Any CPU
		{D0BD06D4-C6B4-4C56-9A8C-B9C455D4CAAF}.Release|Any CPU.ActiveCfg = Release|Any CPU
		{D0BD06D4-C6B4-4C56-9A8C-B9C455D4CAAF}.Release|Any CPU.Build.0 = Release|Any CPU
		{ADC211A9-C9DF-4445-B077-C5504BA22EC3}.Debug|Any CPU.ActiveCfg = Debug|Any CPU
		{ADC211A9-C9DF-4445-B077-C5504BA22EC3}.Debug|Any CPU.Build.0 = Debug|Any CPU
		{ADC211A9-C9DF-4445-B077-C5504BA22EC3}.Release|Any CPU.ActiveCfg = Release|Any CPU
		{ADC211A9-C9DF-4445-B077-C5504BA22EC3}.Release|Any CPU.Build.0 = Release|Any CPU
	EndGlobalSection
	GlobalSection(SolutionProperties) = preSolution
		HideSolutionNode = FALSE
	EndGlobalSection
	GlobalSection(ExtensibilityGlobals) = postSolution
		SolutionGuid = {DD033A52-3F0D-4ECD-83AD-4A0A6E72BD62}
	EndGlobalSection
EndGlobal
